// !$*UTF8*$!
{
	archiveVersion = 1;
	classes = {
	};
	objectVersion = 50;
	objects = {

/* Begin PBXBuildFile section */
		2C44843B22FF81CB00C61317 /* ATableViewCell.swift in Sources */ = {isa = PBXBuildFile; fileRef = 2C44843A22FF81CB00C61317 /* ATableViewCell.swift */; };
		2C44843D22FF81FD00C61317 /* WeaponsTableViewCell.swift in Sources */ = {isa = PBXBuildFile; fileRef = 2C44843C22FF81FD00C61317 /* WeaponsTableViewCell.swift */; };
		2C44843F22FF821C00C61317 /* PotionsTableViewCell.swift in Sources */ = {isa = PBXBuildFile; fileRef = 2C44843E22FF821C00C61317 /* PotionsTableViewCell.swift */; };
		2C44844122FF823500C61317 /* BardSongsTableViewCell.swift in Sources */ = {isa = PBXBuildFile; fileRef = 2C44844022FF823500C61317 /* BardSongsTableViewCell.swift */; };
		2C80898622FF6B700018379D /* AppDelegate.swift in Sources */ = {isa = PBXBuildFile; fileRef = 2C80898522FF6B700018379D /* AppDelegate.swift */; };
		2C80898822FF6B700018379D /* ViewController.swift in Sources */ = {isa = PBXBuildFile; fileRef = 2C80898722FF6B700018379D /* ViewController.swift */; };
		2C80898B22FF6B700018379D /* Main.storyboard in Resources */ = {isa = PBXBuildFile; fileRef = 2C80898922FF6B700018379D /* Main.storyboard */; };
		2C80898D22FF6B720018379D /* Assets.xcassets in Resources */ = {isa = PBXBuildFile; fileRef = 2C80898C22FF6B720018379D /* Assets.xcassets */; };
		2C80899022FF6B720018379D /* LaunchScreen.storyboard in Resources */ = {isa = PBXBuildFile; fileRef = 2C80898E22FF6B720018379D /* LaunchScreen.storyboard */; };
		B8D0A73C69BA04DEA0B9952D /* Pods_FinalExam.framework in Frameworks */ = {isa = PBXBuildFile; fileRef = E227FE257EF5D5BE17A80F41 /* Pods_FinalExam.framework */; };
/* End PBXBuildFile section */

/* Begin PBXFileReference section */
		2C44843A22FF81CB00C61317 /* ATableViewCell.swift */ = {isa = PBXFileReference; lastKnownFileType = sourcecode.swift; path = ATableViewCell.swift; sourceTree = "<group>"; };
		2C44843C22FF81FD00C61317 /* WeaponsTableViewCell.swift */ = {isa = PBXFileReference; lastKnownFileType = sourcecode.swift; path = WeaponsTableViewCell.swift; sourceTree = "<group>"; };
		2C44843E22FF821C00C61317 /* PotionsTableViewCell.swift */ = {isa = PBXFileReference; lastKnownFileType = sourcecode.swift; path = PotionsTableViewCell.swift; sourceTree = "<group>"; };
		2C44844022FF823500C61317 /* BardSongsTableViewCell.swift */ = {isa = PBXFileReference; lastKnownFileType = sourcecode.swift; path = BardSongsTableViewCell.swift; sourceTree = "<group>"; };
		2C80898222FF6B700018379D /* FinalExam.app */ = {isa = PBXFileReference; explicitFileType = wrapper.application; includeInIndex = 0; path = FinalExam.app; sourceTree = BUILT_PRODUCTS_DIR; };
		2C80898522FF6B700018379D /* AppDelegate.swift */ = {isa = PBXFileReference; lastKnownFileType = sourcecode.swift; path = AppDelegate.swift; sourceTree = "<group>"; };
		2C80898722FF6B700018379D /* ViewController.swift */ = {isa = PBXFileReference; lastKnownFileType = sourcecode.swift; path = ViewController.swift; sourceTree = "<group>"; };
		2C80898A22FF6B700018379D /* Base */ = {isa = PBXFileReference; lastKnownFileType = file.storyboard; name = Base; path = Base.lproj/Main.storyboard; sourceTree = "<group>"; };
		2C80898C22FF6B720018379D /* Assets.xcassets */ = {isa = PBXFileReference; lastKnownFileType = folder.assetcatalog; path = Assets.xcassets; sourceTree = "<group>"; };
		2C80898F22FF6B720018379D /* Base */ = {isa = PBXFileReference; lastKnownFileType = file.storyboard; name = Base; path = Base.lproj/LaunchScreen.storyboard; sourceTree = "<group>"; };
		2C80899122FF6B720018379D /* Info.plist */ = {isa = PBXFileReference; lastKnownFileType = text.plist.xml; path = Info.plist; sourceTree = "<group>"; };
		BBDE0F9FE1DDDB69B4AE7E5F /* Pods-FinalExam.debug.xcconfig */ = {isa = PBXFileReference; includeInIndex = 1; lastKnownFileType = text.xcconfig; name = "Pods-FinalExam.debug.xcconfig"; path = "Target Support Files/Pods-FinalExam/Pods-FinalExam.debug.xcconfig"; sourceTree = "<group>"; };
		E227FE257EF5D5BE17A80F41 /* Pods_FinalExam.framework */ = {isa = PBXFileReference; explicitFileType = wrapper.framework; includeInIndex = 0; path = Pods_FinalExam.framework; sourceTree = BUILT_PRODUCTS_DIR; };
		E7C5CFB2D31963212127E050 /* Pods-FinalExam.release.xcconfig */ = {isa = PBXFileReference; includeInIndex = 1; lastKnownFileType = text.xcconfig; name = "Pods-FinalExam.release.xcconfig"; path = "Target Support Files/Pods-FinalExam/Pods-FinalExam.release.xcconfig"; sourceTree = "<group>"; };
/* End PBXFileReference section */

/* Begin PBXFrameworksBuildPhase section */
		2C80897F22FF6B700018379D /* Frameworks */ = {
			isa = PBXFrameworksBuildPhase;
			buildActionMask = 2147483647;
			files = (
				B8D0A73C69BA04DEA0B9952D /* Pods_FinalExam.framework in Frameworks */,
			);
			runOnlyForDeploymentPostprocessing = 0;
		};
/* End PBXFrameworksBuildPhase section */

/* Begin PBXGroup section */
		1694B9D3E111067FC25BAA3F /* Pods */ = {
			isa = PBXGroup;
			children = (
				BBDE0F9FE1DDDB69B4AE7E5F /* Pods-FinalExam.debug.xcconfig */,
				E7C5CFB2D31963212127E050 /* Pods-FinalExam.release.xcconfig */,
			);
			path = Pods;
			sourceTree = "<group>";
		};
		2C80897922FF6B700018379D = {
			isa = PBXGroup;
			children = (
				2C80898422FF6B700018379D /* FinalExam */,
				2C80898322FF6B700018379D /* Products */,
				1694B9D3E111067FC25BAA3F /* Pods */,
				35CE43FB4C4A83056FB20EB0 /* Frameworks */,
			);
			sourceTree = "<group>";
		};
		2C80898322FF6B700018379D /* Products */ = {
			isa = PBXGroup;
			children = (
				2C80898222FF6B700018379D /* FinalExam.app */,
			);
			name = Products;
			sourceTree = "<group>";
		};
		2C80898422FF6B700018379D /* FinalExam */ = {
			isa = PBXGroup;
			children = (
				2C80898522FF6B700018379D /* AppDelegate.swift */,
				2C80898722FF6B700018379D /* ViewController.swift */,
				2C80898922FF6B700018379D /* Main.storyboard */,
				2C80898C22FF6B720018379D /* Assets.xcassets */,
				2C80898E22FF6B720018379D /* LaunchScreen.storyboard */,
				2C80899122FF6B720018379D /* Info.plist */,
				2C44843A22FF81CB00C61317 /* ATableViewCell.swift */,
				2C44843C22FF81FD00C61317 /* WeaponsTableViewCell.swift */,
				2C44843E22FF821C00C61317 /* PotionsTableViewCell.swift */,
				2C44844022FF823500C61317 /* BardSongsTableViewCell.swift */,
			);
			path = FinalExam;
			sourceTree = "<group>";
		};
		35CE43FB4C4A83056FB20EB0 /* Frameworks */ = {
			isa = PBXGroup;
			children = (
				E227FE257EF5D5BE17A80F41 /* Pods_FinalExam.framework */,
			);
			name = Frameworks;
			sourceTree = "<group>";
		};
/* End PBXGroup section */

/* Begin PBXNativeTarget section */
		2C80898122FF6B700018379D /* FinalExam */ = {
			isa = PBXNativeTarget;
			buildConfigurationList = 2C80899422FF6B720018379D /* Build configuration list for PBXNativeTarget "FinalExam" */;
			buildPhases = (
				DA277595CF308FF7744B7387 /* [CP] Check Pods Manifest.lock */,
				2C80897E22FF6B700018379D /* Sources */,
				2C80897F22FF6B700018379D /* Frameworks */,
				2C80898022FF6B700018379D /* Resources */,
			);
			buildRules = (
			);
			dependencies = (
			);
			name = FinalExam;
			productName = FinalExam;
			productReference = 2C80898222FF6B700018379D /* FinalExam.app */;
			productType = "com.apple.product-type.application";
		};
/* End PBXNativeTarget section */

/* Begin PBXProject section */
		2C80897A22FF6B700018379D /* Project object */ = {
			isa = PBXProject;
			attributes = {
				LastSwiftUpdateCheck = 1010;
				LastUpgradeCheck = 1010;
				ORGANIZATIONNAME = "Ariadna Angelica Guemes Estrada";
				TargetAttributes = {
					2C80898122FF6B700018379D = {
						CreatedOnToolsVersion = 10.1;
					};
				};
			};
			buildConfigurationList = 2C80897D22FF6B700018379D /* Build configuration list for PBXProject "FinalExam" */;
			compatibilityVersion = "Xcode 9.3";
			developmentRegion = en;
			hasScannedForEncodings = 0;
			knownRegions = (
				en,
				Base,
			);
			mainGroup = 2C80897922FF6B700018379D;
			productRefGroup = 2C80898322FF6B700018379D /* Products */;
			projectDirPath = "";
			projectRoot = "";
			targets = (
				2C80898122FF6B700018379D /* FinalExam */,
			);
		};
/* End PBXProject section */

/* Begin PBXResourcesBuildPhase section */
		2C80898022FF6B700018379D /* Resources */ = {
			isa = PBXResourcesBuildPhase;
			buildActionMask = 2147483647;
			files = (
				2C80899022FF6B720018379D /* LaunchScreen.storyboard in Resources */,
				2C80898D22FF6B720018379D /* Assets.xcassets in Resources */,
				2C80898B22FF6B700018379D /* Main.storyboard in Resources */,
			);
			runOnlyForDeploymentPostprocessing = 0;
		};
/* End PBXResourcesBuildPhase section */

/* Begin PBXShellScriptBuildPhase section */
		DA277595CF308FF7744B7387 /* [CP] Check Pods Manifest.lock */ = {
			isa = PBXShellScriptBuildPhase;
			buildActionMask = 2147483647;
			files = (
			);
			inputFileListPaths = (
			);
			inputPaths = (
				"${PODS_PODFILE_DIR_PATH}/Podfile.lock",
				"${PODS_ROOT}/Manifest.lock",
			);
			name = "[CP] Check Pods Manifest.lock";
			outputFileListPaths = (
			);
			outputPaths = (
				"$(DERIVED_FILE_DIR)/Pods-FinalExam-checkManifestLockResult.txt",
			);
			runOnlyForDeploymentPostprocessing = 0;
			shellPath = /bin/sh;
			shellScript = "diff \"${PODS_PODFILE_DIR_PATH}/Podfile.lock\" \"${PODS_ROOT}/Manifest.lock\" > /dev/null\nif [ $? != 0 ] ; then\n    # print error to STDERR\n    echo \"error: The sandbox is not in sync with the Podfile.lock. Run 'pod install' or update your CocoaPods installation.\" >&2\n    exit 1\nfi\n# This output is used by Xcode 'outputs' to avoid re-running this script phase.\necho \"SUCCESS\" > \"${SCRIPT_OUTPUT_FILE_0}\"\n";
			showEnvVarsInLog = 0;
		};
/* End PBXShellScriptBuildPhase section */

/* Begin PBXSourcesBuildPhase section */
		2C80897E22FF6B700018379D /* Sources */ = {
			isa = PBXSourcesBuildPhase;
			buildActionMask = 2147483647;
			files = (
				2C80898822FF6B700018379D /* ViewController.swift in Sources */,
				2C44843D22FF81FD00C61317 /* WeaponsTableViewCell.swift in Sources */,
				2C44843F22FF821C00C61317 /* PotionsTableViewCell.swift in Sources */,
				2C44843B22FF81CB00C61317 /* ATableViewCell.swift in Sources */,
				2C80898622FF6B700018379D /* AppDelegate.swift in Sources */,
				2C44844122FF823500C61317 /* BardSongsTableViewCell.swift in Sources */,
			);
			runOnlyForDeploymentPostprocessing = 0;
		};
/* End PBXSourcesBuildPhase section */

/* Begin PBXVariantGroup section */
		2C80898922FF6B700018379D /* Main.storyboard */ = {
			isa = PBXVariantGroup;
			children = (
				2C80898A22FF6B700018379D /* Base */,
			);
			name = Main.storyboard;
			sourceTree = "<group>";
		};
		2C80898E22FF6B720018379D /* LaunchScreen.storyboard */ = {
			isa = PBXVariantGroup;
			children = (
				2C80898F22FF6B720018379D /* Base */,
			);
			name = LaunchScreen.storyboard;
			sourceTree = "<group>";
		};
/* End PBXVariantGroup section */

/* Begin XCBuildConfiguration section */
		2C80899222FF6B720018379D /* Debug */ = {
			isa = XCBuildConfiguration;
			buildSettings = {
				ALWAYS_SEARCH_USER_PATHS = NO;
				CLANG_ANALYZER_NONNULL = YES;
				CLANG_ANALYZER_NUMBER_OBJECT_CONVERSION = YES_AGGRESSIVE;
				CLANG_CXX_LANGUAGE_STANDARD = "gnu++14";
				CLANG_CXX_LIBRARY = "libc++";
				CLANG_ENABLE_MODULES = YES;
				CLANG_ENABLE_OBJC_ARC = YES;
				CLANG_ENABLE_OBJC_WEAK = YES;
				CLANG_WARN_BLOCK_CAPTURE_AUTORELEASING = YES;
				CLANG_WARN_BOOL_CONVERSION = YES;
				CLANG_WARN_COMMA = YES;
				CLANG_WARN_CONSTANT_CONVERSION = YES;
				CLANG_WARN_DEPRECATED_OBJC_IMPLEMENTATIONS = YES;
				CLANG_WARN_DIRECT_OBJC_ISA_USAGE = YES_ERROR;
				CLANG_WARN_DOCUMENTATION_COMMENTS = YES;
				CLANG_WARN_EMPTY_BODY = YES;
				CLANG_WARN_ENUM_CONVERSION = YES;
				CLANG_WARN_INFINITE_RECURSION = YES;
				CLANG_WARN_INT_CONVERSION = YES;
				CLANG_WARN_NON_LITERAL_NULL_CONVERSION = YES;
				CLANG_WARN_OBJC_IMPLICIT_RETAIN_SELF = YES;
				CLANG_WARN_OBJC_LITERAL_CONVERSION = YES;
				CLANG_WARN_OBJC_ROOT_CLASS = YES_ERROR;
				CLANG_WARN_RANGE_LOOP_ANALYSIS = YES;
				CLANG_WARN_STRICT_PROTOTYPES = YES;
				CLANG_WARN_SUSPICIOUS_MOVE = YES;
				CLANG_WARN_UNGUARDED_AVAILABILITY = YES_AGGRESSIVE;
				CLANG_WARN_UNREACHABLE_CODE = YES;
				CLANG_WARN__DUPLICATE_METHOD_MATCH = YES;
				CODE_SIGN_IDENTITY = "iPhone Developer";
				COPY_PHASE_STRIP = NO;
				DEBUG_INFORMATION_FORMAT = dwarf;
				ENABLE_STRICT_OBJC_MSGSEND = YES;
				ENABLE_TESTABILITY = YES;
				GCC_C_LANGUAGE_STANDARD = gnu11;
				GCC_DYNAMIC_NO_PIC = NO;
				GCC_NO_COMMON_BLOCKS = YES;
				GCC_OPTIMIZATION_LEVEL = 0;
				GCC_PREPROCESSOR_DEFINITIONS = (
					"DEBUG=1",
					"$(inherited)",
				);
				GCC_WARN_64_TO_32_BIT_CONVERSION = YES;
				GCC_WARN_ABOUT_RETURN_TYPE = YES_ERROR;
				GCC_WARN_UNDECLARED_SELECTOR = YES;
				GCC_WARN_UNINITIALIZED_AUTOS = YES_AGGRESSIVE;
				GCC_WARN_UNUSED_FUNCTION = YES;
				GCC_WARN_UNUSED_VARIABLE = YES;
				IPHONEOS_DEPLOYMENT_TARGET = 12.1;
				MTL_ENABLE_DEBUG_INFO = INCLUDE_SOURCE;
				MTL_FAST_MATH = YES;
				ONLY_ACTIVE_ARCH = YES;
				SDKROOT = iphoneos;
				SWIFT_ACTIVE_COMPILATION_CONDITIONS = DEBUG;
				SWIFT_OPTIMIZATION_LEVEL = "-Onone";
			};
			name = Debug;
		};
		2C80899322FF6B720018379D /* Release */ = {
			isa = XCBuildConfiguration;
			buildSettings = {
				ALWAYS_SEARCH_USER_PATHS = NO;
				CLANG_ANALYZER_NONNULL = YES;
				CLANG_ANALYZER_NUMBER_OBJECT_CONVERSION = YES_AGGRESSIVE;
				CLANG_CXX_LANGUAGE_STANDARD = "gnu++14";
				CLANG_CXX_LIBRARY = "libc++";
				CLANG_ENABLE_MODULES = YES;
				CLANG_ENABLE_OBJC_ARC = YES;
				CLANG_ENABLE_OBJC_WEAK = YES;
				CLANG_WARN_BLOCK_CAPTURE_AUTORELEASING = YES;
				CLANG_WARN_BOOL_CONVERSION = YES;
				CLANG_WARN_COMMA = YES;
				CLANG_WARN_CONSTANT_CONVERSION = YES;
				CLANG_WARN_DEPRECATED_OBJC_IMPLEMENTATIONS = YES;
				CLANG_WARN_DIRECT_OBJC_ISA_USAGE = YES_ERROR;
				CLANG_WARN_DOCUMENTATION_COMMENTS = YES;
				CLANG_WARN_EMPTY_BODY = YES;
				CLANG_WARN_ENUM_CONVERSION = YES;
				CLANG_WARN_INFINITE_RECURSION = YES;
				CLANG_WARN_INT_CONVERSION = YES;
				CLANG_WARN_NON_LITERAL_NULL_CONVERSION = YES;
				CLANG_WARN_OBJC_IMPLICIT_RETAIN_SELF = YES;
				CLANG_WARN_OBJC_LITERAL_CONVERSION = YES;
				CLANG_WARN_OBJC_ROOT_CLASS = YES_ERROR;
				CLANG_WARN_RANGE_LOOP_ANALYSIS = YES;
				CLANG_WARN_STRICT_PROTOTYPES = YES;
				CLANG_WARN_SUSPICIOUS_MOVE = YES;
				CLANG_WARN_UNGUARDED_AVAILABILITY = YES_AGGRESSIVE;
				CLANG_WARN_UNREACHABLE_CODE = YES;
				CLANG_WARN__DUPLICATE_METHOD_MATCH = YES;
				CODE_SIGN_IDENTITY = "iPhone Developer";
				COPY_PHASE_STRIP = NO;
				DEBUG_INFORMATION_FORMAT = "dwarf-with-dsym";
				ENABLE_NS_ASSERTIONS = NO;
				ENABLE_STRICT_OBJC_MSGSEND = YES;
				GCC_C_LANGUAGE_STANDARD = gnu11;
				GCC_NO_COMMON_BLOCKS = YES;
				GCC_WARN_64_TO_32_BIT_CONVERSION = YES;
				GCC_WARN_ABOUT_RETURN_TYPE = YES_ERROR;
				GCC_WARN_UNDECLARED_SELECTOR = YES;
				GCC_WARN_UNINITIALIZED_AUTOS = YES_AGGRESSIVE;
				GCC_WARN_UNUSED_FUNCTION = YES;
				GCC_WARN_UNUSED_VARIABLE = YES;
				IPHONEOS_DEPLOYMENT_TARGET = 12.1;
				MTL_ENABLE_DEBUG_INFO = NO;
				MTL_FAST_MATH = YES;
				SDKROOT = iphoneos;
				SWIFT_COMPILATION_MODE = wholemodule;
				SWIFT_OPTIMIZATION_LEVEL = "-O";
				VALIDATE_PRODUCT = YES;
			};
			name = Release;
		};
		2C80899522FF6B720018379D /* Debug */ = {
			isa = XCBuildConfiguration;
			baseConfigurationReference = BBDE0F9FE1DDDB69B4AE7E5F /* Pods-FinalExam.debug.xcconfig */;
			buildSettings = {
				ASSETCATALOG_COMPILER_APPICON_NAME = AppIcon;
				CODE_SIGN_STYLE = Automatic;
				DEVELOPMENT_TEAM = 8E45Q8WZ7C;
				INFOPLIST_FILE = FinalExam/Info.plist;
				LD_RUNPATH_SEARCH_PATHS = (
					"$(inherited)",
					"@executable_path/Frameworks",
				);
				PRODUCT_BUNDLE_IDENTIFIER = com.vfs.FinalExam;
				PRODUCT_NAME = "$(TARGET_NAME)";
				SWIFT_VERSION = 4.2;
				TARGETED_DEVICE_FAMILY = "1,2";
			};
			name = Debug;
		};
		2C80899622FF6B720018379D /* Release */ = {
			isa = XCBuildConfiguration;
			baseConfigurationReference = E7C5CFB2D31963212127E050 /* Pods-FinalExam.release.xcconfig */;
			buildSettings = {
				ASSETCATALOG_COMPILER_APPICON_NAME = AppIcon;
				CODE_SIGN_STYLE = Automatic;
				DEVELOPMENT_TEAM = 8E45Q8WZ7C;
				INFOPLIST_FILE = FinalExam/Info.plist;
				LD_RUNPATH_SEARCH_PATHS = (
					"$(inherited)",
					"@executable_path/Frameworks",
				);
				PRODUCT_BUNDLE_IDENTIFIER = com.vfs.FinalExam;
				PRODUCT_NAME = "$(TARGET_NAME)";
				SWIFT_VERSION = 4.2;
				TARGETED_DEVICE_FAMILY = "1,2";
			};
			name = Release;
		};
/* End XCBuildConfiguration section */

/* Begin XCConfigurationList section */
		2C80897D22FF6B700018379D /* Build configuration list for PBXProject "FinalExam" */ = {
			isa = XCConfigurationList;
			buildConfigurations = (
				2C80899222FF6B720018379D /* Debug */,
				2C80899322FF6B720018379D /* Release */,
			);
			defaultConfigurationIsVisible = 0;
			defaultConfigurationName = Release;
		};
		2C80899422FF6B720018379D /* Build configuration list for PBXNativeTarget "FinalExam" */ = {
			isa = XCConfigurationList;
			buildConfigurations = (
				2C80899522FF6B720018379D /* Debug */,
				2C80899622FF6B720018379D /* Release */,
			);
			defaultConfigurationIsVisible = 0;
			defaultConfigurationName = Release;
		};
/* End XCConfigurationList section */
	};
	rootObject = 2C80897A22FF6B700018379D /* Project object */;
}
